
Microsoft Visual Studio Solution File, Format Version 12.00
# Visual Studio 15
VisualStudioVersion = 15.0.28307.136
MinimumVisualStudioVersion = 10.0.40219.1
Project("{F184B08F-C81C-45F6-A57F-5ABD9991F28F}") = "messAround", "messAround\messAround.vbproj", "{CA8EA12F-DF59-4C09-94AC-F0B0071341DD}"
EndProject
Global
	GlobalSection(SolutionConfigurationPlatforms) = preSolution
		Debug|Any CPU = Debug|Any CPU
		Release|Any CPU = Release|Any CPU
	EndGlobalSection
	GlobalSection(ProjectConfigurationPlatforms) = postSolution
		{CA8EA12F-DF59-4C09-94AC-F0B0071341DD}.Debug|Any CPU.ActiveCfg = Debug|Any CPU
		{CA8EA12F-DF59-4C09-94AC-F0B0071341DD}.Debug|Any CPU.Build.0 = Debug|Any CPU
		{CA8EA12F-DF59-4C09-94AC-F0B0071341DD}.Release|Any CPU.ActiveCfg = Release|Any CPU
		{CA8EA12F-DF59-4C09-94AC-F0B0071341DD}.Release|Any CPU.Build.0 = Release|Any CPU
	EndGlobalSection
	GlobalSection(SolutionProperties) = preSolution
		HideSolutionNode = FALSE
	EndGlobalSection
	GlobalSection(ExtensibilityGlobals) = postSolution
		SolutionGuid = {0B7BC7E7-3DFF-42BA-9F9C-11BB348F9589}
	EndGlobalSection
EndGlobal
